
Microsoft Visual Studio Solution File, Format Version 12.00
# Visual Studio Version 17
VisualStudioVersion = 17.8.34525.116
MinimumVisualStudioVersion = 10.0.40219.1
Project("{2150E333-8FDC-42A3-9474-1A3956D46DE8}") = "1. Enterprise Business Rules", "1. Enterprise Business Rules", "{CC85A88F-EE24-4D95-826E-7E5CCED9EA56}"
EndProject
Project("{2150E333-8FDC-42A3-9474-1A3956D46DE8}") = "2. Application Business Rules", "2. Application Business Rules", "{1AEB35E6-B609-4A29-AE78-07E451E00E1A}"
EndProject
Project("{2150E333-8FDC-42A3-9474-1A3956D46DE8}") = "3. Interface Adapters", "3. Interface Adapters", "{527AD195-EAAD-4E4E-9415-12498A393292}"
EndProject
Project("{2150E333-8FDC-42A3-9474-1A3956D46DE8}") = "4. Frameworks And Drivers", "4. Frameworks And Drivers", "{BDCF9AC9-8C20-4DE6-9087-78CE7246D391}"
EndProject
Project("{9A19103F-16F7-4668-BE54-9A1E7A4F7556}") = "NorthWind.Sales.Entities", "NorthWind.Sales.Entities\NorthWind.Sales.Entities.csproj", "{99A40CFE-3D48-4BFE-B70B-D245AD48A7B0}"
EndProject
Project("{9A19103F-16F7-4668-BE54-9A1E7A4F7556}") = "NorthWind.Sales.Backend.BusinessObjects", "NorthWind.Sales.Backend.BusinessObjects\NorthWind.Sales.Backend.BusinessObjects.csproj", "{5E247293-A306-43EB-BAE5-75193ED10F74}"
EndProject
Project("{9A19103F-16F7-4668-BE54-9A1E7A4F7556}") = "NorthWind.Sales.Backend.UseCases", "NorthWind.Sales.Backend.UseCases\NorthWind.Sales.Backend.UseCases.csproj", "{77ABCFD6-6A75-4FCD-B910-BA6086A6DACB}"
EndProject
Project("{2150E333-8FDC-42A3-9474-1A3956D46DE8}") = "Gateways", "Gateways", "{2CA09F30-CEA8-46D7-85F8-CBE2AB20B669}"
EndProject
Project("{2150E333-8FDC-42A3-9474-1A3956D46DE8}") = "Repositories", "Repositories", "{D93A5318-A54C-4D74-9C21-19B9A994961E}"
EndProject
Project("{9A19103F-16F7-4668-BE54-9A1E7A4F7556}") = "NorthWind.Sales.Backend.Repositories", "NorthWind.Sales.Backend.Repositories\NorthWind.Sales.Backend.Repositories.csproj", "{679DC6F9-8BA7-4081-BC90-079DCFF0AD82}"
EndProject
Project("{2150E333-8FDC-42A3-9474-1A3956D46DE8}") = "Presenters", "Presenters", "{5019A1DB-C1EF-4398-924E-C2070B4ED436}"
EndProject
Project("{9A19103F-16F7-4668-BE54-9A1E7A4F7556}") = "NorthWind.Sales.Backend.Presenters", "NorthWind.Sales.Backend.Presenters\NorthWind.Sales.Backend.Presenters.csproj", "{18ADA2EB-7937-4EB0-991A-9D009EE10385}"
EndProject
Project("{2150E333-8FDC-42A3-9474-1A3956D46DE8}") = "Controllers", "Controllers", "{43F24891-BC48-4CC1-B92B-899578225F98}"
EndProject
Project("{9A19103F-16F7-4668-BE54-9A1E7A4F7556}") = "NorthWind.Sales.Backend.Controllers", "NorthWind.Sales.Backend.Controllers\NorthWind.Sales.Backend.Controllers.csproj", "{A1C2F3EB-118B-4DD2-A9C9-C307A43D549E}"
EndProject
Project("{2150E333-8FDC-42A3-9474-1A3956D46DE8}") = "Frameworks", "Frameworks", "{73A17DAB-B768-425A-87FF-2D2C0949891E}"
EndProject
Project("{2150E333-8FDC-42A3-9474-1A3956D46DE8}") = "DataContext", "DataContext", "{860902BE-4AD1-45B2-A061-64854AF36276}"
EndProject
Project("{9A19103F-16F7-4668-BE54-9A1E7A4F7556}") = "NorthWind.Sales.Backend.DataContext.EFCore", "NorthWind.Sales.Backend.DataContext.EFCore\NorthWind.Sales.Backend.DataContext.EFCore.csproj", "{157A2795-D1DF-4FDE-8DEF-46E622268FA2}"
EndProject
Project("{2150E333-8FDC-42A3-9474-1A3956D46DE8}") = "IoC", "IoC", "{47E6776B-A056-492C-946C-850101E7D08D}"
EndProject
Project("{9A19103F-16F7-4668-BE54-9A1E7A4F7556}") = "NorthWind.Sales.Backend.IoC", "NorthWind.Sales.Backend.IoC\NorthWind.Sales.Backend.IoC.csproj", "{2178EAB5-432D-48F3-A1BC-4B86733C155B}"
EndProject
Project("{2150E333-8FDC-42A3-9474-1A3956D46DE8}") = "UI", "UI", "{ACA3A277-FB11-4CFC-B1C4-4ADD5554D42E}"
EndProject
Project("{9A19103F-16F7-4668-BE54-9A1E7A4F7556}") = "NorthWind.Sales.WebApi", "NorthWind.Sales.WebApi\NorthWind.Sales.WebApi.csproj", "{47D7D9F3-406D-4A37-83D0-CE2AEE8D456C}"
EndProject
Project("{9A19103F-16F7-4668-BE54-9A1E7A4F7556}") = "NorthWind.Sales.Frontend.BussinessObjects", "NorthWind.Sales.Frontend.BussinessObjects\NorthWind.Sales.Frontend.BussinessObjects.csproj", "{FF87A12D-6A74-4231-9128-264ABCE58C19}"
EndProject
Project("{2150E333-8FDC-42A3-9474-1A3956D46DE8}") = "WebApiGateways", "WebApiGateways", "{36382716-C41D-49DF-B4C7-B4F96DA4B4F8}"
EndProject
Project("{9A19103F-16F7-4668-BE54-9A1E7A4F7556}") = "NorthWind.Sales.Frontend.WebApiGateways", "NorthWind.Sales.Frontend.WebApiGateways\NorthWind.Sales.Frontend.WebApiGateways.csproj", "{22CD9CA4-F184-48B5-8E8A-CDF404C42384}"
EndProject
Project("{2150E333-8FDC-42A3-9474-1A3956D46DE8}") = "Views", "Views", "{EDE1387D-A264-475F-BBDA-3835B9277665}"
EndProject
Project("{FAE04EC0-301F-11D3-BF4B-00C04F79EFBC}") = "NorthWind.RazorComponents", "NorthWind.RazorComponents\NorthWind.RazorComponents.csproj", "{24CE580D-488C-4581-B3FD-F9881A559575}"
EndProject
Global
	GlobalSection(SolutionConfigurationPlatforms) = preSolution
		Debug|Any CPU = Debug|Any CPU
		Release|Any CPU = Release|Any CPU
	EndGlobalSection
	GlobalSection(ProjectConfigurationPlatforms) = postSolution
		{99A40CFE-3D48-4BFE-B70B-D245AD48A7B0}.Debug|Any CPU.ActiveCfg = Debug|Any CPU
		{99A40CFE-3D48-4BFE-B70B-D245AD48A7B0}.Debug|Any CPU.Build.0 = Debug|Any CPU
		{99A40CFE-3D48-4BFE-B70B-D245AD48A7B0}.Release|Any CPU.ActiveCfg = Release|Any CPU
		{99A40CFE-3D48-4BFE-B70B-D245AD48A7B0}.Release|Any CPU.Build.0 = Release|Any CPU
		{5E247293-A306-43EB-BAE5-75193ED10F74}.Debug|Any CPU.ActiveCfg = Debug|Any CPU
		{5E247293-A306-43EB-BAE5-75193ED10F74}.Debug|Any CPU.Build.0 = Debug|Any CPU
		{5E247293-A306-43EB-BAE5-75193ED10F74}.Release|Any CPU.ActiveCfg = Release|Any CPU
		{5E247293-A306-43EB-BAE5-75193ED10F74}.Release|Any CPU.Build.0 = Release|Any CPU
		{77ABCFD6-6A75-4FCD-B910-BA6086A6DACB}.Debug|Any CPU.ActiveCfg = Debug|Any CPU
		{77ABCFD6-6A75-4FCD-B910-BA6086A6DACB}.Debug|Any CPU.Build.0 = Debug|Any CPU
		{77ABCFD6-6A75-4FCD-B910-BA6086A6DACB}.Release|Any CPU.ActiveCfg = Release|Any CPU
		{77ABCFD6-6A75-4FCD-B910-BA6086A6DACB}.Release|Any CPU.Build.0 = Release|Any CPU
		{679DC6F9-8BA7-4081-BC90-079DCFF0AD82}.Debug|Any CPU.ActiveCfg = Debug|Any CPU
		{679DC6F9-8BA7-4081-BC90-079DCFF0AD82}.Debug|Any CPU.Build.0 = Debug|Any CPU
		{679DC6F9-8BA7-4081-BC90-079DCFF0AD82}.Release|Any CPU.ActiveCfg = Release|Any CPU
		{679DC6F9-8BA7-4081-BC90-079DCFF0AD82}.Release|Any CPU.Build.0 = Release|Any CPU
		{18ADA2EB-7937-4EB0-991A-9D009EE10385}.Debug|Any CPU.ActiveCfg = Debug|Any CPU
		{18ADA2EB-7937-4EB0-991A-9D009EE10385}.Debug|Any CPU.Build.0 = Debug|Any CPU
		{18ADA2EB-7937-4EB0-991A-9D009EE10385}.Release|Any CPU.ActiveCfg = Release|Any CPU
		{18ADA2EB-7937-4EB0-991A-9D009EE10385}.Release|Any CPU.Build.0 = Release|Any CPU
		{A1C2F3EB-118B-4DD2-A9C9-C307A43D549E}.Debug|Any CPU.ActiveCfg = Debug|Any CPU
		{A1C2F3EB-118B-4DD2-A9C9-C307A43D549E}.Debug|Any CPU.Build.0 = Debug|Any CPU
		{A1C2F3EB-118B-4DD2-A9C9-C307A43D549E}.Release|Any CPU.ActiveCfg = Release|Any CPU
		{A1C2F3EB-118B-4DD2-A9C9-C307A43D549E}.Release|Any CPU.Build.0 = Release|Any CPU
		{157A2795-D1DF-4FDE-8DEF-46E622268FA2}.Debug|Any CPU.ActiveCfg = Debug|Any CPU
		{157A2795-D1DF-4FDE-8DEF-46E622268FA2}.Debug|Any CPU.Build.0 = Debug|Any CPU
		{157A2795-D1DF-4FDE-8DEF-46E622268FA2}.Release|Any CPU.ActiveCfg = Release|Any CPU
		{157A2795-D1DF-4FDE-8DEF-46E622268FA2}.Release|Any CPU.Build.0 = Release|Any CPU
		{2178EAB5-432D-48F3-A1BC-4B86733C155B}.Debug|Any CPU.ActiveCfg = Debug|Any CPU
		{2178EAB5-432D-48F3-A1BC-4B86733C155B}.Debug|Any CPU.Build.0 = Debug|Any CPU
		{2178EAB5-432D-48F3-A1BC-4B86733C155B}.Release|Any CPU.ActiveCfg = Release|Any CPU
		{2178EAB5-432D-48F3-A1BC-4B86733C155B}.Release|Any CPU.Build.0 = Release|Any CPU
		{47D7D9F3-406D-4A37-83D0-CE2AEE8D456C}.Debug|Any CPU.ActiveCfg = Debug|Any CPU
		{47D7D9F3-406D-4A37-83D0-CE2AEE8D456C}.Debug|Any CPU.Build.0 = Debug|Any CPU
		{47D7D9F3-406D-4A37-83D0-CE2AEE8D456C}.Release|Any CPU.ActiveCfg = Release|Any CPU
		{47D7D9F3-406D-4A37-83D0-CE2AEE8D456C}.Release|Any CPU.Build.0 = Release|Any CPU
		{FF87A12D-6A74-4231-9128-264ABCE58C19}.Debug|Any CPU.ActiveCfg = Debug|Any CPU
		{FF87A12D-6A74-4231-9128-264ABCE58C19}.Debug|Any CPU.Build.0 = Debug|Any CPU
		{FF87A12D-6A74-4231-9128-264ABCE58C19}.Release|Any CPU.ActiveCfg = Release|Any CPU
		{FF87A12D-6A74-4231-9128-264ABCE58C19}.Release|Any CPU.Build.0 = Release|Any CPU
		{22CD9CA4-F184-48B5-8E8A-CDF404C42384}.Debug|Any CPU.ActiveCfg = Debug|Any CPU
		{22CD9CA4-F184-48B5-8E8A-CDF404C42384}.Debug|Any CPU.Build.0 = Debug|Any CPU
		{22CD9CA4-F184-48B5-8E8A-CDF404C42384}.Release|Any CPU.ActiveCfg = Release|Any CPU
		{22CD9CA4-F184-48B5-8E8A-CDF404C42384}.Release|Any CPU.Build.0 = Release|Any CPU
		{24CE580D-488C-4581-B3FD-F9881A559575}.Debug|Any CPU.ActiveCfg = Debug|Any CPU
		{24CE580D-488C-4581-B3FD-F9881A559575}.Debug|Any CPU.Build.0 = Debug|Any CPU
		{24CE580D-488C-4581-B3FD-F9881A559575}.Release|Any CPU.ActiveCfg = Release|Any CPU
		{24CE580D-488C-4581-B3FD-F9881A559575}.Release|Any CPU.Build.0 = Release|Any CPU
	EndGlobalSection
	GlobalSection(SolutionProperties) = preSolution
		HideSolutionNode = FALSE
	EndGlobalSection
	GlobalSection(NestedProjects) = preSolution
		{99A40CFE-3D48-4BFE-B70B-D245AD48A7B0} = {CC85A88F-EE24-4D95-826E-7E5CCED9EA56}
		{5E247293-A306-43EB-BAE5-75193ED10F74} = {1AEB35E6-B609-4A29-AE78-07E451E00E1A}
		{77ABCFD6-6A75-4FCD-B910-BA6086A6DACB} = {1AEB35E6-B609-4A29-AE78-07E451E00E1A}
		{2CA09F30-CEA8-46D7-85F8-CBE2AB20B669} = {527AD195-EAAD-4E4E-9415-12498A393292}
		{D93A5318-A54C-4D74-9C21-19B9A994961E} = {2CA09F30-CEA8-46D7-85F8-CBE2AB20B669}
		{679DC6F9-8BA7-4081-BC90-079DCFF0AD82} = {D93A5318-A54C-4D74-9C21-19B9A994961E}
		{5019A1DB-C1EF-4398-924E-C2070B4ED436} = {527AD195-EAAD-4E4E-9415-12498A393292}
		{18ADA2EB-7937-4EB0-991A-9D009EE10385} = {5019A1DB-C1EF-4398-924E-C2070B4ED436}
		{43F24891-BC48-4CC1-B92B-899578225F98} = {527AD195-EAAD-4E4E-9415-12498A393292}
		{A1C2F3EB-118B-4DD2-A9C9-C307A43D549E} = {43F24891-BC48-4CC1-B92B-899578225F98}
		{73A17DAB-B768-425A-87FF-2D2C0949891E} = {BDCF9AC9-8C20-4DE6-9087-78CE7246D391}
		{860902BE-4AD1-45B2-A061-64854AF36276} = {73A17DAB-B768-425A-87FF-2D2C0949891E}
		{157A2795-D1DF-4FDE-8DEF-46E622268FA2} = {860902BE-4AD1-45B2-A061-64854AF36276}
		{47E6776B-A056-492C-946C-850101E7D08D} = {BDCF9AC9-8C20-4DE6-9087-78CE7246D391}
		{2178EAB5-432D-48F3-A1BC-4B86733C155B} = {47E6776B-A056-492C-946C-850101E7D08D}
		{ACA3A277-FB11-4CFC-B1C4-4ADD5554D42E} = {BDCF9AC9-8C20-4DE6-9087-78CE7246D391}
		{47D7D9F3-406D-4A37-83D0-CE2AEE8D456C} = {ACA3A277-FB11-4CFC-B1C4-4ADD5554D42E}
		{FF87A12D-6A74-4231-9128-264ABCE58C19} = {1AEB35E6-B609-4A29-AE78-07E451E00E1A}
		{36382716-C41D-49DF-B4C7-B4F96DA4B4F8} = {2CA09F30-CEA8-46D7-85F8-CBE2AB20B669}
		{22CD9CA4-F184-48B5-8E8A-CDF404C42384} = {36382716-C41D-49DF-B4C7-B4F96DA4B4F8}
		{EDE1387D-A264-475F-BBDA-3835B9277665} = {527AD195-EAAD-4E4E-9415-12498A393292}
		{24CE580D-488C-4581-B3FD-F9881A559575} = {EDE1387D-A264-475F-BBDA-3835B9277665}
	EndGlobalSection
	GlobalSection(ExtensibilityGlobals) = postSolution
		SolutionGuid = {DD60C0B6-EC01-4152-A709-E6FC69C7F72A}
	EndGlobalSection
EndGlobal
